// !$*UTF8*$!
{
	archiveVersion = 1;
	classes = {
	};
	objectVersion = 46;
	objects = {

/* Begin PBXBuildFile section */
		441275BB16C96CED006AAC19 /* circlex.png in Resources */ = {isa = PBXBuildFile; fileRef = 441275BA16C96CED006AAC19 /* circlex.png */; };
		4415E1AF1694C7CA00DA478F /* tag.jpg in Resources */ = {isa = PBXBuildFile; fileRef = 4415E1AE1694C7CA00DA478F /* tag.jpg */; };
		4415E1B41694CD3600DA478F /* tag1.png in Resources */ = {isa = PBXBuildFile; fileRef = 4415E1B31694CD3600DA478F /* tag1.png */; };
		4415E1B71694D90300DA478F /* AddTableTopicController.m in Sources */ = {isa = PBXBuildFile; fileRef = 4415E1B61694D90300DA478F /* AddTableTopicController.m */; };
		4415E1BC1694DDF300DA478F /* QuartzCore.framework in Frameworks */ = {isa = PBXBuildFile; fileRef = 4415E1BB1694DDF300DA478F /* QuartzCore.framework */; };
		443593531691F18100721B65 /* TableTopicCoreDataService.m in Sources */ = {isa = PBXBuildFile; fileRef = 443593521691F18100721B65 /* TableTopicCoreDataService.m */; };
		443EF8B7167AC6670062ED66 /* AddMemberController.m in Sources */ = {isa = PBXBuildFile; fileRef = 443EF8B6167AC6670062ED66 /* AddMemberController.m */; };
		4463FF4416764D2A005544E2 /* CoreData.framework in Frameworks */ = {isa = PBXBuildFile; fileRef = 4463FF4316764D2A005544E2 /* CoreData.framework */; };
		4463FF4816764D8E005544E2 /* TableTopics.xcdatamodeld in Sources */ = {isa = PBXBuildFile; fileRef = 4463FF4616764D8E005544E2 /* TableTopics.xcdatamodeld */; };
		4463FF5016783651005544E2 /* TableTopic.m in Sources */ = {isa = PBXBuildFile; fileRef = 4463FF4F16783651005544E2 /* TableTopic.m */; };
		4463FF5316783652005544E2 /* Member.m in Sources */ = {isa = PBXBuildFile; fileRef = 4463FF5216783652005544E2 /* Member.m */; };
		4463FF5916792A08005544E2 /* MemberVO.m in Sources */ = {isa = PBXBuildFile; fileRef = 4463FF5816792A08005544E2 /* MemberVO.m */; };
		4463FF5C16794021005544E2 /* TableTopicVO.m in Sources */ = {isa = PBXBuildFile; fileRef = 4463FF5B16794021005544E2 /* TableTopicVO.m */; };
		44846EA015D878CA005E3C44 /* EditMenuViewController.m in Sources */ = {isa = PBXBuildFile; fileRef = 44846E9F15D878CA005E3C44 /* EditMenuViewController.m */; };
		44DED71815C8CF6B00FDF58A /* EditNameTableViewController.m in Sources */ = {isa = PBXBuildFile; fileRef = 44DED71715C8CF6B00FDF58A /* EditNameTableViewController.m */; };
		44F4665E1598004900C80B05 /* UIKit.framework in Frameworks */ = {isa = PBXBuildFile; fileRef = 44F4665D1598004900C80B05 /* UIKit.framework */; };
		44F466601598004900C80B05 /* Foundation.framework in Frameworks */ = {isa = PBXBuildFile; fileRef = 44F4665F1598004900C80B05 /* Foundation.framework */; };
		44F466621598004900C80B05 /* CoreGraphics.framework in Frameworks */ = {isa = PBXBuildFile; fileRef = 44F466611598004900C80B05 /* CoreGraphics.framework */; };
		44F466681598004900C80B05 /* InfoPlist.strings in Resources */ = {isa = PBXBuildFile; fileRef = 44F466661598004900C80B05 /* InfoPlist.strings */; };
		44F4666A1598004900C80B05 /* main.m in Sources */ = {isa = PBXBuildFile; fileRef = 44F466691598004900C80B05 /* main.m */; };
		44F4666E1598004900C80B05 /* Table_TopicsAppDelegate.m in Sources */ = {isa = PBXBuildFile; fileRef = 44F4666D1598004900C80B05 /* Table_TopicsAppDelegate.m */; };
		44F466711598004900C80B05 /* MainStoryboard.storyboard in Resources */ = {isa = PBXBuildFile; fileRef = 44F4666F1598004900C80B05 /* MainStoryboard.storyboard */; };
		44F466741598004900C80B05 /* Table_TopicsViewController.m in Sources */ = {isa = PBXBuildFile; fileRef = 44F466731598004900C80B05 /* Table_TopicsViewController.m */; };
		6B80AFA6170520B500882C79 /* BlackDefault-small@2x.png in Resources */ = {isa = PBXBuildFile; fileRef = 6B80AFA4170520B500882C79 /* BlackDefault-small@2x.png */; };
		6B80AFA7170520B500882C79 /* BlackDefault@2x.png in Resources */ = {isa = PBXBuildFile; fileRef = 6B80AFA5170520B500882C79 /* BlackDefault@2x.png */; };
		6B80AFA8170520C200882C79 /* Default@2x.png in Resources */ = {isa = PBXBuildFile; fileRef = 6B80AFA01703DB5200882C79 /* Default@2x.png */; };
		6B80AFA9170520C800882C79 /* Default-568h@2x.png in Resources */ = {isa = PBXBuildFile; fileRef = 6B80AFA21703DB5500882C79 /* Default-568h@2x.png */; };
		6BB260FA1741B18D00F9A095 /* Icon-72.png in Resources */ = {isa = PBXBuildFile; fileRef = 6BB260F01741B18D00F9A095 /* Icon-72.png */; };
		6BB260FB1741B18D00F9A095 /* Icon-72@2x.png in Resources */ = {isa = PBXBuildFile; fileRef = 6BB260F11741B18D00F9A095 /* Icon-72@2x.png */; };
		6BB260FC1741B18D00F9A095 /* Icon-Small-50.png in Resources */ = {isa = PBXBuildFile; fileRef = 6BB260F21741B18D00F9A095 /* Icon-Small-50.png */; };
		6BB260FD1741B18D00F9A095 /* Icon-Small-50@2x.png in Resources */ = {isa = PBXBuildFile; fileRef = 6BB260F31741B18D00F9A095 /* Icon-Small-50@2x.png */; };
		6BB260FE1741B18D00F9A095 /* Icon-Small.png in Resources */ = {isa = PBXBuildFile; fileRef = 6BB260F41741B18D00F9A095 /* Icon-Small.png */; };
		6BB260FF1741B18D00F9A095 /* Icon-Small@2x.png in Resources */ = {isa = PBXBuildFile; fileRef = 6BB260F51741B18D00F9A095 /* Icon-Small@2x.png */; };
		6BB261001741B18D00F9A095 /* Icon.png in Resources */ = {isa = PBXBuildFile; fileRef = 6BB260F61741B18D00F9A095 /* Icon.png */; };
		6BB261011741B18D00F9A095 /* Icon@2x.png in Resources */ = {isa = PBXBuildFile; fileRef = 6BB260F71741B18D00F9A095 /* Icon@2x.png */; };
		6BB261021741B18D00F9A095 /* iTunesArtwork.png in Resources */ = {isa = PBXBuildFile; fileRef = 6BB260F81741B18D00F9A095 /* iTunesArtwork.png */; };
		6BB261031741B18D00F9A095 /* iTunesArtwork@2x.png in Resources */ = {isa = PBXBuildFile; fileRef = 6BB260F91741B18D00F9A095 /* iTunesArtwork@2x.png */; };
		6BB261051741B25600F9A095 /* Icon@2x.png in Resources */ = {isa = PBXBuildFile; fileRef = 6BB261041741B25600F9A095 /* Icon@2x.png */; };
		6BB261071741B25C00F9A095 /* Icon.png in Resources */ = {isa = PBXBuildFile; fileRef = 6BB261061741B25C00F9A095 /* Icon.png */; };
		6BBA914D16A1166800DBE0E5 /* 2dCF2ae.jpg in Resources */ = {isa = PBXBuildFile; fileRef = 6BBA914C16A1166800DBE0E5 /* 2dCF2ae.jpg */; };
		6BD26C7B16CD834F00E6181D /* TableTopicsHelper.m in Sources */ = {isa = PBXBuildFile; fileRef = 6BD26C7A16CD834F00E6181D /* TableTopicsHelper.m */; };
		6BD26C7D16CD8D4E00E6181D /* iAd.framework in Frameworks */ = {isa = PBXBuildFile; fileRef = 6BD26C7C16CD8D4E00E6181D /* iAd.framework */; };
		6BE0BACB16CFE42000C536BA /* curvedblock.png in Resources */ = {isa = PBXBuildFile; fileRef = 6BE0BACA16CFE42000C536BA /* curvedblock.png */; };
		6BE8DEC016C34F0F00FF0FA0 /* TopicsCollectionViewController.m in Sources */ = {isa = PBXBuildFile; fileRef = 6BE8DEBF16C34F0F00FF0FA0 /* TopicsCollectionViewController.m */; };
		6BE8DEC316C3589C00FF0FA0 /* TopicsCollectionViewCell.m in Sources */ = {isa = PBXBuildFile; fileRef = 6BE8DEC216C3589C00FF0FA0 /* TopicsCollectionViewCell.m */; };
/* End PBXBuildFile section */

/* Begin PBXFileReference section */
		441275BA16C96CED006AAC19 /* circlex.png */ = {isa = PBXFileReference; lastKnownFileType = image.png; path = circlex.png; sourceTree = "<group>"; };
		4415E1AE1694C7CA00DA478F /* tag.jpg */ = {isa = PBXFileReference; lastKnownFileType = image.jpeg; path = tag.jpg; sourceTree = "<group>"; };
		4415E1B31694CD3600DA478F /* tag1.png */ = {isa = PBXFileReference; lastKnownFileType = image.png; path = tag1.png; sourceTree = "<group>"; };
		4415E1B51694D90300DA478F /* AddTableTopicController.h */ = {isa = PBXFileReference; fileEncoding = 4; lastKnownFileType = sourcecode.c.h; path = AddTableTopicController.h; sourceTree = "<group>"; };
		4415E1B61694D90300DA478F /* AddTableTopicController.m */ = {isa = PBXFileReference; fileEncoding = 4; lastKnownFileType = sourcecode.c.objc; path = AddTableTopicController.m; sourceTree = "<group>"; };
		4415E1BB1694DDF300DA478F /* QuartzCore.framework */ = {isa = PBXFileReference; lastKnownFileType = wrapper.framework; name = QuartzCore.framework; path = System/Library/Frameworks/QuartzCore.framework; sourceTree = SDKROOT; };
		443593511691F18100721B65 /* TableTopicCoreDataService.h */ = {isa = PBXFileReference; fileEncoding = 4; lastKnownFileType = sourcecode.c.h; path = TableTopicCoreDataService.h; sourceTree = "<group>"; };
		443593521691F18100721B65 /* TableTopicCoreDataService.m */ = {isa = PBXFileReference; fileEncoding = 4; lastKnownFileType = sourcecode.c.objc; path = TableTopicCoreDataService.m; sourceTree = "<group>"; };
		443EF8B5167AC6670062ED66 /* AddMemberController.h */ = {isa = PBXFileReference; fileEncoding = 4; lastKnownFileType = sourcecode.c.h; path = AddMemberController.h; sourceTree = "<group>"; };
		443EF8B6167AC6670062ED66 /* AddMemberController.m */ = {isa = PBXFileReference; fileEncoding = 4; lastKnownFileType = sourcecode.c.objc; path = AddMemberController.m; sourceTree = "<group>"; };
		4463FF4316764D2A005544E2 /* CoreData.framework */ = {isa = PBXFileReference; lastKnownFileType = wrapper.framework; name = CoreData.framework; path = System/Library/Frameworks/CoreData.framework; sourceTree = SDKROOT; };
		4463FF4716764D8E005544E2 /* TableTopics.xcdatamodel */ = {isa = PBXFileReference; lastKnownFileType = wrapper.xcdatamodel; path = TableTopics.xcdatamodel; sourceTree = "<group>"; };
		4463FF4E16783651005544E2 /* TableTopic.h */ = {isa = PBXFileReference; fileEncoding = 4; lastKnownFileType = sourcecode.c.h; name = TableTopic.h; path = ../TableTopic.h; sourceTree = "<group>"; };
		4463FF4F16783651005544E2 /* TableTopic.m */ = {isa = PBXFileReference; fileEncoding = 4; lastKnownFileType = sourcecode.c.objc; name = TableTopic.m; path = ../TableTopic.m; sourceTree = "<group>"; };
		4463FF5116783651005544E2 /* Member.h */ = {isa = PBXFileReference; fileEncoding = 4; lastKnownFileType = sourcecode.c.h; name = Member.h; path = ../Member.h; sourceTree = "<group>"; };
		4463FF5216783652005544E2 /* Member.m */ = {isa = PBXFileReference; fileEncoding = 4; lastKnownFileType = sourcecode.c.objc; name = Member.m; path = ../Member.m; sourceTree = "<group>"; };
		4463FF5716792A08005544E2 /* MemberVO.h */ = {isa = PBXFileReference; fileEncoding = 4; lastKnownFileType = sourcecode.c.h; path = MemberVO.h; sourceTree = "<group>"; };
		4463FF5816792A08005544E2 /* MemberVO.m */ = {isa = PBXFileReference; fileEncoding = 4; lastKnownFileType = sourcecode.c.objc; path = MemberVO.m; sourceTree = "<group>"; };
		4463FF5A16794021005544E2 /* TableTopicVO.h */ = {isa = PBXFileReference; fileEncoding = 4; lastKnownFileType = sourcecode.c.h; path = TableTopicVO.h; sourceTree = "<group>"; };
		4463FF5B16794021005544E2 /* TableTopicVO.m */ = {isa = PBXFileReference; fileEncoding = 4; lastKnownFileType = sourcecode.c.objc; path = TableTopicVO.m; sourceTree = "<group>"; };
		44846E9E15D878CA005E3C44 /* EditMenuViewController.h */ = {isa = PBXFileReference; fileEncoding = 4; lastKnownFileType = sourcecode.c.h; path = EditMenuViewController.h; sourceTree = "<group>"; };
		44846E9F15D878CA005E3C44 /* EditMenuViewController.m */ = {isa = PBXFileReference; fileEncoding = 4; lastKnownFileType = sourcecode.c.objc; path = EditMenuViewController.m; sourceTree = "<group>"; };
		44DED71615C8CF6B00FDF58A /* EditNameTableViewController.h */ = {isa = PBXFileReference; fileEncoding = 4; lastKnownFileType = sourcecode.c.h; path = EditNameTableViewController.h; sourceTree = "<group>"; };
		44DED71715C8CF6B00FDF58A /* EditNameTableViewController.m */ = {isa = PBXFileReference; fileEncoding = 4; lastKnownFileType = sourcecode.c.objc; path = EditNameTableViewController.m; sourceTree = "<group>"; };
		44F466591598004900C80B05 /* TableTopics.app */ = {isa = PBXFileReference; explicitFileType = wrapper.application; includeInIndex = 0; path = TableTopics.app; sourceTree = BUILT_PRODUCTS_DIR; };
		44F4665D1598004900C80B05 /* UIKit.framework */ = {isa = PBXFileReference; lastKnownFileType = wrapper.framework; name = UIKit.framework; path = System/Library/Frameworks/UIKit.framework; sourceTree = SDKROOT; };
		44F4665F1598004900C80B05 /* Foundation.framework */ = {isa = PBXFileReference; lastKnownFileType = wrapper.framework; name = Foundation.framework; path = System/Library/Frameworks/Foundation.framework; sourceTree = SDKROOT; };
		44F466611598004900C80B05 /* CoreGraphics.framework */ = {isa = PBXFileReference; lastKnownFileType = wrapper.framework; name = CoreGraphics.framework; path = System/Library/Frameworks/CoreGraphics.framework; sourceTree = SDKROOT; };
		44F466651598004900C80B05 /* TableTopics-Info.plist */ = {isa = PBXFileReference; lastKnownFileType = text.plist.xml; path = "TableTopics-Info.plist"; sourceTree = "<group>"; };
		44F466671598004900C80B05 /* en */ = {isa = PBXFileReference; lastKnownFileType = text.plist.strings; name = en; path = en.lproj/InfoPlist.strings; sourceTree = "<group>"; };
		44F466691598004900C80B05 /* main.m */ = {isa = PBXFileReference; lastKnownFileType = sourcecode.c.objc; path = main.m; sourceTree = "<group>"; };
		44F4666B1598004900C80B05 /* TableTopics-Prefix.pch */ = {isa = PBXFileReference; lastKnownFileType = sourcecode.c.h; path = "TableTopics-Prefix.pch"; sourceTree = "<group>"; };
		44F4666C1598004900C80B05 /* Table_TopicsAppDelegate.h */ = {isa = PBXFileReference; lastKnownFileType = sourcecode.c.h; path = Table_TopicsAppDelegate.h; sourceTree = "<group>"; };
		44F4666D1598004900C80B05 /* Table_TopicsAppDelegate.m */ = {isa = PBXFileReference; lastKnownFileType = sourcecode.c.objc; path = Table_TopicsAppDelegate.m; sourceTree = "<group>"; };
		44F466701598004900C80B05 /* en */ = {isa = PBXFileReference; lastKnownFileType = file.storyboard; name = en; path = en.lproj/MainStoryboard.storyboard; sourceTree = "<group>"; };
		44F466721598004900C80B05 /* Table_TopicsViewController.h */ = {isa = PBXFileReference; lastKnownFileType = sourcecode.c.h; path = Table_TopicsViewController.h; sourceTree = "<group>"; };
		44F466731598004900C80B05 /* Table_TopicsViewController.m */ = {isa = PBXFileReference; lastKnownFileType = sourcecode.c.objc; path = Table_TopicsViewController.m; sourceTree = "<group>"; };
		6B80AFA01703DB5200882C79 /* Default@2x.png */ = {isa = PBXFileReference; lastKnownFileType = image.png; name = "Default@2x.png"; path = "../Default@2x.png"; sourceTree = "<group>"; };
		6B80AFA21703DB5500882C79 /* Default-568h@2x.png */ = {isa = PBXFileReference; lastKnownFileType = image.png; name = "Default-568h@2x.png"; path = "../Default-568h@2x.png"; sourceTree = "<group>"; };
		6B80AFA4170520B500882C79 /* BlackDefault-small@2x.png */ = {isa = PBXFileReference; lastKnownFileType = image.png; path = "BlackDefault-small@2x.png"; sourceTree = "<group>"; };
		6B80AFA5170520B500882C79 /* BlackDefault@2x.png */ = {isa = PBXFileReference; lastKnownFileType = image.png; path = "BlackDefault@2x.png"; sourceTree = "<group>"; };
		6BB260F01741B18D00F9A095 /* Icon-72.png */ = {isa = PBXFileReference; lastKnownFileType = image.png; path = "Icon-72.png"; sourceTree = "<group>"; };
		6BB260F11741B18D00F9A095 /* Icon-72@2x.png */ = {isa = PBXFileReference; lastKnownFileType = image.png; path = "Icon-72@2x.png"; sourceTree = "<group>"; };
		6BB260F21741B18D00F9A095 /* Icon-Small-50.png */ = {isa = PBXFileReference; lastKnownFileType = image.png; path = "Icon-Small-50.png"; sourceTree = "<group>"; };
		6BB260F31741B18D00F9A095 /* Icon-Small-50@2x.png */ = {isa = PBXFileReference; lastKnownFileType = image.png; path = "Icon-Small-50@2x.png"; sourceTree = "<group>"; };
		6BB260F41741B18D00F9A095 /* Icon-Small.png */ = {isa = PBXFileReference; lastKnownFileType = image.png; path = "Icon-Small.png"; sourceTree = "<group>"; };
		6BB260F51741B18D00F9A095 /* Icon-Small@2x.png */ = {isa = PBXFileReference; lastKnownFileType = image.png; path = "Icon-Small@2x.png"; sourceTree = "<group>"; };
		6BB260F61741B18D00F9A095 /* Icon.png */ = {isa = PBXFileReference; lastKnownFileType = image.png; path = Icon.png; sourceTree = "<group>"; };
		6BB260F71741B18D00F9A095 /* Icon@2x.png */ = {isa = PBXFileReference; lastKnownFileType = image.png; path = "Icon@2x.png"; sourceTree = "<group>"; };
		6BB260F81741B18D00F9A095 /* iTunesArtwork.png */ = {isa = PBXFileReference; lastKnownFileType = image.png; path = iTunesArtwork.png; sourceTree = "<group>"; };
		6BB260F91741B18D00F9A095 /* iTunesArtwork@2x.png */ = {isa = PBXFileReference; lastKnownFileType = image.png; path = "iTunesArtwork@2x.png"; sourceTree = "<group>"; };
		6BB261041741B25600F9A095 /* Icon@2x.png */ = {isa = PBXFileReference; lastKnownFileType = image.png; name = "Icon@2x.png"; path = "../Icon@2x.png"; sourceTree = "<group>"; };
		6BB261061741B25C00F9A095 /* Icon.png */ = {isa = PBXFileReference; lastKnownFileType = image.png; name = Icon.png; path = ../Icon.png; sourceTree = "<group>"; };
		6BBA914C16A1166800DBE0E5 /* 2dCF2ae.jpg */ = {isa = PBXFileReference; lastKnownFileType = image.jpeg; path = 2dCF2ae.jpg; sourceTree = "<group>"; };
		6BD26C7916CD834F00E6181D /* TableTopicsHelper.h */ = {isa = PBXFileReference; fileEncoding = 4; lastKnownFileType = sourcecode.c.h; path = TableTopicsHelper.h; sourceTree = "<group>"; };
		6BD26C7A16CD834F00E6181D /* TableTopicsHelper.m */ = {isa = PBXFileReference; fileEncoding = 4; lastKnownFileType = sourcecode.c.objc; path = TableTopicsHelper.m; sourceTree = "<group>"; };
		6BD26C7C16CD8D4E00E6181D /* iAd.framework */ = {isa = PBXFileReference; lastKnownFileType = wrapper.framework; name = iAd.framework; path = System/Library/Frameworks/iAd.framework; sourceTree = SDKROOT; };
		6BE0BACA16CFE42000C536BA /* curvedblock.png */ = {isa = PBXFileReference; lastKnownFileType = image.png; path = curvedblock.png; sourceTree = "<group>"; };
		6BE8DEBE16C34F0F00FF0FA0 /* TopicsCollectionViewController.h */ = {isa = PBXFileReference; fileEncoding = 4; lastKnownFileType = sourcecode.c.h; path = TopicsCollectionViewController.h; sourceTree = "<group>"; };
		6BE8DEBF16C34F0F00FF0FA0 /* TopicsCollectionViewController.m */ = {isa = PBXFileReference; fileEncoding = 4; lastKnownFileType = sourcecode.c.objc; path = TopicsCollectionViewController.m; sourceTree = "<group>"; };
		6BE8DEC116C3589C00FF0FA0 /* TopicsCollectionViewCell.h */ = {isa = PBXFileReference; fileEncoding = 4; lastKnownFileType = sourcecode.c.h; path = TopicsCollectionViewCell.h; sourceTree = "<group>"; };
		6BE8DEC216C3589C00FF0FA0 /* TopicsCollectionViewCell.m */ = {isa = PBXFileReference; fileEncoding = 4; lastKnownFileType = sourcecode.c.objc; path = TopicsCollectionViewCell.m; sourceTree = "<group>"; };
/* End PBXFileReference section */

/* Begin PBXFrameworksBuildPhase section */
		44F466561598004900C80B05 /* Frameworks */ = {
			isa = PBXFrameworksBuildPhase;
			buildActionMask = 2147483647;
			files = (
				6BD26C7D16CD8D4E00E6181D /* iAd.framework in Frameworks */,
				4415E1BC1694DDF300DA478F /* QuartzCore.framework in Frameworks */,
				4463FF4416764D2A005544E2 /* CoreData.framework in Frameworks */,
				44F4665E1598004900C80B05 /* UIKit.framework in Frameworks */,
				44F466601598004900C80B05 /* Foundation.framework in Frameworks */,
				44F466621598004900C80B05 /* CoreGraphics.framework in Frameworks */,
			);
			runOnlyForDeploymentPostprocessing = 0;
		};
/* End PBXFrameworksBuildPhase section */

/* Begin PBXGroup section */
		4463FF4D16765380005544E2 /* CoreData */ = {
			isa = PBXGroup;
			children = (
				4463FF5116783651005544E2 /* Member.h */,
				4463FF5216783652005544E2 /* Member.m */,
				4463FF4E16783651005544E2 /* TableTopic.h */,
				4463FF4F16783651005544E2 /* TableTopic.m */,
				4463FF4616764D8E005544E2 /* TableTopics.xcdatamodeld */,
				443593511691F18100721B65 /* TableTopicCoreDataService.h */,
				443593521691F18100721B65 /* TableTopicCoreDataService.m */,
			);
			name = CoreData;
			sourceTree = "<group>";
		};
		4463FF5416783668005544E2 /* Delegate */ = {
			isa = PBXGroup;
			children = (
				44F4666C1598004900C80B05 /* Table_TopicsAppDelegate.h */,
				44F4666D1598004900C80B05 /* Table_TopicsAppDelegate.m */,
			);
			name = Delegate;
			sourceTree = "<group>";
		};
		4463FF551678366F005544E2 /* Controller */ = {
			isa = PBXGroup;
			children = (
				6BE8DEBD16C349F200FF0FA0 /* Collection Views */,
				44F466721598004900C80B05 /* Table_TopicsViewController.h */,
				44F466731598004900C80B05 /* Table_TopicsViewController.m */,
				44DED71615C8CF6B00FDF58A /* EditNameTableViewController.h */,
				44DED71715C8CF6B00FDF58A /* EditNameTableViewController.m */,
				44846E9E15D878CA005E3C44 /* EditMenuViewController.h */,
				44846E9F15D878CA005E3C44 /* EditMenuViewController.m */,
				443EF8B5167AC6670062ED66 /* AddMemberController.h */,
				443EF8B6167AC6670062ED66 /* AddMemberController.m */,
				4415E1B51694D90300DA478F /* AddTableTopicController.h */,
				4415E1B61694D90300DA478F /* AddTableTopicController.m */,
			);
			name = Controller;
			sourceTree = "<group>";
		};
		4463FF56167929E7005544E2 /* Domain */ = {
			isa = PBXGroup;
			children = (
				4463FF5716792A08005544E2 /* MemberVO.h */,
				4463FF5816792A08005544E2 /* MemberVO.m */,
				4463FF5A16794021005544E2 /* TableTopicVO.h */,
				4463FF5B16794021005544E2 /* TableTopicVO.m */,
			);
			name = Domain;
			sourceTree = "<group>";
		};
		44F4664E1598004900C80B05 = {
			isa = PBXGroup;
			children = (
				44F466631598004900C80B05 /* TableTopics */,
				44F4665C1598004900C80B05 /* Frameworks */,
				44F4665A1598004900C80B05 /* Products */,
			);
			sourceTree = "<group>";
		};
		44F4665A1598004900C80B05 /* Products */ = {
			isa = PBXGroup;
			children = (
				44F466591598004900C80B05 /* TableTopics.app */,
			);
			name = Products;
			sourceTree = "<group>";
		};
		44F4665C1598004900C80B05 /* Frameworks */ = {
			isa = PBXGroup;
			children = (
				6BD26C7C16CD8D4E00E6181D /* iAd.framework */,
				4415E1BB1694DDF300DA478F /* QuartzCore.framework */,
				4463FF4316764D2A005544E2 /* CoreData.framework */,
				44F4665D1598004900C80B05 /* UIKit.framework */,
				44F4665F1598004900C80B05 /* Foundation.framework */,
				44F466611598004900C80B05 /* CoreGraphics.framework */,
			);
			name = Frameworks;
			sourceTree = "<group>";
		};
		44F466631598004900C80B05 /* TableTopics */ = {
			isa = PBXGroup;
			children = (
				6BD26C7816CD833500E6181D /* Helper */,
				4463FF56167929E7005544E2 /* Domain */,
				4463FF551678366F005544E2 /* Controller */,
				4463FF5416783668005544E2 /* Delegate */,
				4463FF4D16765380005544E2 /* CoreData */,
				44F4666F1598004900C80B05 /* MainStoryboard.storyboard */,
				44F466641598004900C80B05 /* Supporting Files */,
			);
			path = TableTopics;
			sourceTree = "<group>";
		};
		44F466641598004900C80B05 /* Supporting Files */ = {
			isa = PBXGroup;
			children = (
				6BB260EF1741B17C00F9A095 /* icons */,
				6B80AFA4170520B500882C79 /* BlackDefault-small@2x.png */,
				6B80AFA5170520B500882C79 /* BlackDefault@2x.png */,
				6B80AFA21703DB5500882C79 /* Default-568h@2x.png */,
				6B80AFA01703DB5200882C79 /* Default@2x.png */,
				6BE0BACA16CFE42000C536BA /* curvedblock.png */,
				441275BA16C96CED006AAC19 /* circlex.png */,
				6BBA914C16A1166800DBE0E5 /* 2dCF2ae.jpg */,
				4415E1AE1694C7CA00DA478F /* tag.jpg */,
				4415E1B31694CD3600DA478F /* tag1.png */,
				44F466651598004900C80B05 /* TableTopics-Info.plist */,
				44F466661598004900C80B05 /* InfoPlist.strings */,
				44F466691598004900C80B05 /* main.m */,
				44F4666B1598004900C80B05 /* TableTopics-Prefix.pch */,
			);
			name = "Supporting Files";
			sourceTree = "<group>";
		};
		6BB260EF1741B17C00F9A095 /* icons */ = {
			isa = PBXGroup;
			children = (
				6BB261041741B25600F9A095 /* Icon@2x.png */,
				6BB261061741B25C00F9A095 /* Icon.png */,
				6BB260F01741B18D00F9A095 /* Icon-72.png */,
				6BB260F11741B18D00F9A095 /* Icon-72@2x.png */,
				6BB260F21741B18D00F9A095 /* Icon-Small-50.png */,
				6BB260F31741B18D00F9A095 /* Icon-Small-50@2x.png */,
				6BB260F41741B18D00F9A095 /* Icon-Small.png */,
				6BB260F51741B18D00F9A095 /* Icon-Small@2x.png */,
				6BB260F61741B18D00F9A095 /* Icon.png */,
				6BB260F71741B18D00F9A095 /* Icon@2x.png */,
				6BB260F81741B18D00F9A095 /* iTunesArtwork.png */,
				6BB260F91741B18D00F9A095 /* iTunesArtwork@2x.png */,
			);
			name = icons;
			sourceTree = "<group>";
		};
		6BD26C7816CD833500E6181D /* Helper */ = {
			isa = PBXGroup;
			children = (
				6BD26C7916CD834F00E6181D /* TableTopicsHelper.h */,
				6BD26C7A16CD834F00E6181D /* TableTopicsHelper.m */,
			);
			name = Helper;
			sourceTree = "<group>";
		};
		6BE8DEBD16C349F200FF0FA0 /* Collection Views */ = {
			isa = PBXGroup;
			children = (
				6BE8DEBE16C34F0F00FF0FA0 /* TopicsCollectionViewController.h */,
				6BE8DEBF16C34F0F00FF0FA0 /* TopicsCollectionViewController.m */,
				6BE8DEC116C3589C00FF0FA0 /* TopicsCollectionViewCell.h */,
				6BE8DEC216C3589C00FF0FA0 /* TopicsCollectionViewCell.m */,
			);
			name = "Collection Views";
			sourceTree = "<group>";
		};
/* End PBXGroup section */

/* Begin PBXNativeTarget section */
		44F466581598004900C80B05 /* TableTopics */ = {
			isa = PBXNativeTarget;
			buildConfigurationList = 44F466771598004900C80B05 /* Build configuration list for PBXNativeTarget "TableTopics" */;
			buildPhases = (
				44F466551598004900C80B05 /* Sources */,
				44F466561598004900C80B05 /* Frameworks */,
				44F466571598004900C80B05 /* Resources */,
			);
			buildRules = (
			);
			dependencies = (
			);
			name = TableTopics;
			productName = TableTopics;
			productReference = 44F466591598004900C80B05 /* TableTopics.app */;
			productType = "com.apple.product-type.application";
		};
/* End PBXNativeTarget section */

/* Begin PBXProject section */
		44F466501598004900C80B05 /* Project object */ = {
			isa = PBXProject;
			attributes = {
				CLASSPREFIX = "Table Topics";
				LastUpgradeCheck = 0430;
			};
			buildConfigurationList = 44F466531598004900C80B05 /* Build configuration list for PBXProject "TableTopics" */;
			compatibilityVersion = "Xcode 3.2";
			developmentRegion = English;
			hasScannedForEncodings = 0;
			knownRegions = (
				en,
			);
			mainGroup = 44F4664E1598004900C80B05;
			productRefGroup = 44F4665A1598004900C80B05 /* Products */;
			projectDirPath = "";
			projectRoot = "";
			targets = (
				44F466581598004900C80B05 /* TableTopics */,
			);
		};
/* End PBXProject section */

/* Begin PBXResourcesBuildPhase section */
		44F466571598004900C80B05 /* Resources */ = {
			isa = PBXResourcesBuildPhase;
			buildActionMask = 2147483647;
			files = (
				44F466681598004900C80B05 /* InfoPlist.strings in Resources */,
				44F466711598004900C80B05 /* MainStoryboard.storyboard in Resources */,
				4415E1AF1694C7CA00DA478F /* tag.jpg in Resources */,
				4415E1B41694CD3600DA478F /* tag1.png in Resources */,
				6BBA914D16A1166800DBE0E5 /* 2dCF2ae.jpg in Resources */,
				441275BB16C96CED006AAC19 /* circlex.png in Resources */,
				6BE0BACB16CFE42000C536BA /* curvedblock.png in Resources */,
				6B80AFA6170520B500882C79 /* BlackDefault-small@2x.png in Resources */,
				6B80AFA7170520B500882C79 /* BlackDefault@2x.png in Resources */,
				6B80AFA8170520C200882C79 /* Default@2x.png in Resources */,
				6B80AFA9170520C800882C79 /* Default-568h@2x.png in Resources */,
				6BB260FA1741B18D00F9A095 /* Icon-72.png in Resources */,
				6BB260FB1741B18D00F9A095 /* Icon-72@2x.png in Resources */,
				6BB260FC1741B18D00F9A095 /* Icon-Small-50.png in Resources */,
				6BB260FD1741B18D00F9A095 /* Icon-Small-50@2x.png in Resources */,
				6BB260FE1741B18D00F9A095 /* Icon-Small.png in Resources */,
				6BB260FF1741B18D00F9A095 /* Icon-Small@2x.png in Resources */,
				6BB261001741B18D00F9A095 /* Icon.png in Resources */,
				6BB261011741B18D00F9A095 /* Icon@2x.png in Resources */,
				6BB261021741B18D00F9A095 /* iTunesArtwork.png in Resources */,
				6BB261031741B18D00F9A095 /* iTunesArtwork@2x.png in Resources */,
				6BB261051741B25600F9A095 /* Icon@2x.png in Resources */,
				6BB261071741B25C00F9A095 /* Icon.png in Resources */,
			);
			runOnlyForDeploymentPostprocessing = 0;
		};
/* End PBXResourcesBuildPhase section */

/* Begin PBXSourcesBuildPhase section */
		44F466551598004900C80B05 /* Sources */ = {
			isa = PBXSourcesBuildPhase;
			buildActionMask = 2147483647;
			files = (
				44F4666A1598004900C80B05 /* main.m in Sources */,
				44F4666E1598004900C80B05 /* Table_TopicsAppDelegate.m in Sources */,
				44F466741598004900C80B05 /* Table_TopicsViewController.m in Sources */,
				44DED71815C8CF6B00FDF58A /* EditNameTableViewController.m in Sources */,
				44846EA015D878CA005E3C44 /* EditMenuViewController.m in Sources */,
				4463FF4816764D8E005544E2 /* TableTopics.xcdatamodeld in Sources */,
				4463FF5016783651005544E2 /* TableTopic.m in Sources */,
				4463FF5316783652005544E2 /* Member.m in Sources */,
				4463FF5916792A08005544E2 /* MemberVO.m in Sources */,
				4463FF5C16794021005544E2 /* TableTopicVO.m in Sources */,
				443EF8B7167AC6670062ED66 /* AddMemberController.m in Sources */,
				443593531691F18100721B65 /* TableTopicCoreDataService.m in Sources */,
				4415E1B71694D90300DA478F /* AddTableTopicController.m in Sources */,
				6BE8DEC016C34F0F00FF0FA0 /* TopicsCollectionViewController.m in Sources */,
				6BE8DEC316C3589C00FF0FA0 /* TopicsCollectionViewCell.m in Sources */,
				6BD26C7B16CD834F00E6181D /* TableTopicsHelper.m in Sources */,
			);
			runOnlyForDeploymentPostprocessing = 0;
		};
/* End PBXSourcesBuildPhase section */

/* Begin PBXVariantGroup section */
		44F466661598004900C80B05 /* InfoPlist.strings */ = {
			isa = PBXVariantGroup;
			children = (
				44F466671598004900C80B05 /* en */,
			);
			name = InfoPlist.strings;
			sourceTree = "<group>";
		};
		44F4666F1598004900C80B05 /* MainStoryboard.storyboard */ = {
			isa = PBXVariantGroup;
			children = (
				44F466701598004900C80B05 /* en */,
			);
			name = MainStoryboard.storyboard;
			sourceTree = "<group>";
		};
/* End PBXVariantGroup section */

/* Begin XCBuildConfiguration section */
		44F466751598004900C80B05 /* Debug */ = {
			isa = XCBuildConfiguration;
			buildSettings = {
				ALWAYS_SEARCH_USER_PATHS = NO;
				ARCHS = "$(ARCHS_STANDARD_32_BIT)";
				CLANG_ENABLE_OBJC_ARC = YES;
				CODE_SIGN_IDENTITY = "iPhone Developer";
				"CODE_SIGN_IDENTITY[sdk=iphoneos*]" = "iPhone Developer";
				COPY_PHASE_STRIP = NO;
				GCC_C_LANGUAGE_STANDARD = gnu99;
				GCC_DYNAMIC_NO_PIC = NO;
				GCC_OPTIMIZATION_LEVEL = 0;
				GCC_PREPROCESSOR_DEFINITIONS = (
					"DEBUG=1",
					"$(inherited)",
				);
				GCC_SYMBOLS_PRIVATE_EXTERN = NO;
				GCC_VERSION = com.apple.compilers.llvm.clang.1_0;
				GCC_WARN_ABOUT_RETURN_TYPE = YES;
				GCC_WARN_UNINITIALIZED_AUTOS = YES;
				GCC_WARN_UNUSED_VARIABLE = YES;
				IPHONEOS_DEPLOYMENT_TARGET = 5.1;
				PROVISIONING_PROFILE = "";
				"PROVISIONING_PROFILE[sdk=iphoneos*]" = "";
				SDKROOT = iphoneos;
			};
			name = Debug;
		};
		44F466761598004900C80B05 /* Release */ = {
			isa = XCBuildConfiguration;
			buildSettings = {
				ALWAYS_SEARCH_USER_PATHS = NO;
				ARCHS = "$(ARCHS_STANDARD_32_BIT)";
				CLANG_ENABLE_OBJC_ARC = YES;
				CODE_SIGN_IDENTITY = "iPhone Distribution";
				"CODE_SIGN_IDENTITY[sdk=iphoneos*]" = "iPhone Distribution";
				COPY_PHASE_STRIP = YES;
				GCC_C_LANGUAGE_STANDARD = gnu99;
				GCC_VERSION = com.apple.compilers.llvm.clang.1_0;
				GCC_WARN_ABOUT_RETURN_TYPE = YES;
				GCC_WARN_UNINITIALIZED_AUTOS = YES;
				GCC_WARN_UNUSED_VARIABLE = YES;
				IPHONEOS_DEPLOYMENT_TARGET = 5.1;
				OTHER_CFLAGS = "-DNS_BLOCK_ASSERTIONS=1";
				PROVISIONING_PROFILE = "";
				"PROVISIONING_PROFILE[sdk=iphoneos*]" = "";
				SDKROOT = iphoneos;
				VALIDATE_PRODUCT = YES;
			};
			name = Release;
		};
		44F466781598004900C80B05 /* Debug */ = {
			isa = XCBuildConfiguration;
			buildSettings = {
				GCC_PRECOMPILE_PREFIX_HEADER = YES;
				GCC_PREFIX_HEADER = "TableTopics/TableTopics-Prefix.pch";
				INFOPLIST_FILE = "TableTopics/TableTopics-Info.plist";
				PRODUCT_NAME = "$(TARGET_NAME)";
				WRAPPER_EXTENSION = app;
			};
			name = Debug;
		};
		44F466791598004900C80B05 /* Release */ = {
			isa = XCBuildConfiguration;
			buildSettings = {
				GCC_PRECOMPILE_PREFIX_HEADER = YES;
				GCC_PREFIX_HEADER = "TableTopics/TableTopics-Prefix.pch";
				INFOPLIST_FILE = "TableTopics/TableTopics-Info.plist";
				PRODUCT_NAME = "$(TARGET_NAME)";
				WRAPPER_EXTENSION = app;
			};
			name = Release;
		};
/* End XCBuildConfiguration section */

/* Begin XCConfigurationList section */
		44F466531598004900C80B05 /* Build configuration list for PBXProject "TableTopics" */ = {
			isa = XCConfigurationList;
			buildConfigurations = (
				44F466751598004900C80B05 /* Debug */,
				44F466761598004900C80B05 /* Release */,
			);
			defaultConfigurationIsVisible = 0;
			defaultConfigurationName = Release;
		};
		44F466771598004900C80B05 /* Build configuration list for PBXNativeTarget "TableTopics" */ = {
			isa = XCConfigurationList;
			buildConfigurations = (
				44F466781598004900C80B05 /* Debug */,
				44F466791598004900C80B05 /* Release */,
			);
			defaultConfigurationIsVisible = 0;
			defaultConfigurationName = Release;
		};
/* End XCConfigurationList section */

/* Begin XCVersionGroup section */
		4463FF4616764D8E005544E2 /* TableTopics.xcdatamodeld */ = {
			isa = XCVersionGroup;
			children = (
				4463FF4716764D8E005544E2 /* TableTopics.xcdatamodel */,
			);
			currentVersion = 4463FF4716764D8E005544E2 /* TableTopics.xcdatamodel */;
			path = TableTopics.xcdatamodeld;
			sourceTree = SOURCE_ROOT;
			versionGroupType = wrapper.xcdatamodel;
		};
/* End XCVersionGroup section */
	};
	rootObject = 44F466501598004900C80B05 /* Project object */;
}
